
Microsoft Visual Studio Solution File, Format Version 12.00
# Visual Studio Version 17
VisualStudioVersion = 17.2.32602.215
MinimumVisualStudioVersion = 10.0.40219.1
Project("{FAE04EC0-301F-11D3-BF4B-00C04F79EFBC}") = "ContactInfoService", "PhoneDirectory\ContactInfoService.csproj", "{188EF193-4471-4213-9D81-4B25613093BC}"
EndProject
Project("{FAE04EC0-301F-11D3-BF4B-00C04F79EFBC}") = "ContactInfo.Persistent", "ContactInfo.Persistent\ContactInfo.Persistent.csproj", "{646FAB09-3010-461B-A1F0-3ACE2889CCE8}"
EndProject
Project("{FAE04EC0-301F-11D3-BF4B-00C04F79EFBC}") = "ReportService", "ReportService\ReportService.csproj", "{65EC14F1-2080-4944-8856-7BB42C02D791}"
EndProject
Project("{FAE04EC0-301F-11D3-BF4B-00C04F79EFBC}") = "ReportService.Persisten", "ReportService.Persisten\ReportService.Persisten.csproj", "{752957D2-9B28-4CEE-95EC-58096FB6B6F9}"
EndProject
Global
	GlobalSection(SolutionConfigurationPlatforms) = preSolution
		Debug|Any CPU = Debug|Any CPU
		Release|Any CPU = Release|Any CPU
	EndGlobalSection
	GlobalSection(ProjectConfigurationPlatforms) = postSolution
		{188EF193-4471-4213-9D81-4B25613093BC}.Debug|Any CPU.ActiveCfg = Debug|Any CPU
		{188EF193-4471-4213-9D81-4B25613093BC}.Debug|Any CPU.Build.0 = Debug|Any CPU
		{188EF193-4471-4213-9D81-4B25613093BC}.Release|Any CPU.ActiveCfg = Release|Any CPU
		{188EF193-4471-4213-9D81-4B25613093BC}.Release|Any CPU.Build.0 = Release|Any CPU
		{646FAB09-3010-461B-A1F0-3ACE2889CCE8}.Debug|Any CPU.ActiveCfg = Debug|Any CPU
		{646FAB09-3010-461B-A1F0-3ACE2889CCE8}.Debug|Any CPU.Build.0 = Debug|Any CPU
		{646FAB09-3010-461B-A1F0-3ACE2889CCE8}.Release|Any CPU.ActiveCfg = Release|Any CPU
		{646FAB09-3010-461B-A1F0-3ACE2889CCE8}.Release|Any CPU.Build.0 = Release|Any CPU
		{65EC14F1-2080-4944-8856-7BB42C02D791}.Debug|Any CPU.ActiveCfg = Debug|Any CPU
		{65EC14F1-2080-4944-8856-7BB42C02D791}.Debug|Any CPU.Build.0 = Debug|Any CPU
		{65EC14F1-2080-4944-8856-7BB42C02D791}.Release|Any CPU.ActiveCfg = Release|Any CPU
		{65EC14F1-2080-4944-8856-7BB42C02D791}.Release|Any CPU.Build.0 = Release|Any CPU
		{752957D2-9B28-4CEE-95EC-58096FB6B6F9}.Debug|Any CPU.ActiveCfg = Debug|Any CPU
		{752957D2-9B28-4CEE-95EC-58096FB6B6F9}.Debug|Any CPU.Build.0 = Debug|Any CPU
		{752957D2-9B28-4CEE-95EC-58096FB6B6F9}.Release|Any CPU.ActiveCfg = Release|Any CPU
		{752957D2-9B28-4CEE-95EC-58096FB6B6F9}.Release|Any CPU.Build.0 = Release|Any CPU
	EndGlobalSection
	GlobalSection(SolutionProperties) = preSolution
		HideSolutionNode = FALSE
	EndGlobalSection
	GlobalSection(ExtensibilityGlobals) = postSolution
		SolutionGuid = {57234827-A5DE-4B75-990C-2FB3B6DBBB56}
	EndGlobalSection
EndGlobal
