
Microsoft Visual Studio Solution File, Format Version 12.00
# Visual Studio Version 17
VisualStudioVersion = 17.2.32602.215
MinimumVisualStudioVersion = 10.0.40219.1
Project("{9A19103F-16F7-4668-BE54-9A1E7A4F7556}") = "ContactService", "PhoneDirectory\ContactService.csproj", "{188EF193-4471-4213-9D81-4B25613093BC}"
EndProject
Project("{9A19103F-16F7-4668-BE54-9A1E7A4F7556}") = "Contact.ServicePersistance", "ContactInfo.Persistent\Contact.ServicePersistance.csproj", "{646FAB09-3010-461B-A1F0-3ACE2889CCE8}"
EndProject
Project("{9A19103F-16F7-4668-BE54-9A1E7A4F7556}") = "ReportService", "ReportService\ReportService.csproj", "{65EC14F1-2080-4944-8856-7BB42C02D791}"
EndProject
Project("{9A19103F-16F7-4668-BE54-9A1E7A4F7556}") = "ReportService.Persistance", "ReportService.Persisten\ReportService.Persistance.csproj", "{752957D2-9B28-4CEE-95EC-58096FB6B6F9}"
EndProject
Project("{FAE04EC0-301F-11D3-BF4B-00C04F79EFBC}") = "ContactService.Application", "ContactService.Application\ContactService.Application.csproj", "{A0A6DAD3-4E7E-4724-949C-95B9C2363B63}"
EndProject
Global
	GlobalSection(SolutionConfigurationPlatforms) = preSolution
		Debug|Any CPU = Debug|Any CPU
		Release|Any CPU = Release|Any CPU
	EndGlobalSection
	GlobalSection(ProjectConfigurationPlatforms) = postSolution
		{188EF193-4471-4213-9D81-4B25613093BC}.Debug|Any CPU.ActiveCfg = Debug|Any CPU
		{188EF193-4471-4213-9D81-4B25613093BC}.Debug|Any CPU.Build.0 = Debug|Any CPU
		{188EF193-4471-4213-9D81-4B25613093BC}.Release|Any CPU.ActiveCfg = Release|Any CPU
		{188EF193-4471-4213-9D81-4B25613093BC}.Release|Any CPU.Build.0 = Release|Any CPU
		{646FAB09-3010-461B-A1F0-3ACE2889CCE8}.Debug|Any CPU.ActiveCfg = Debug|Any CPU
		{646FAB09-3010-461B-A1F0-3ACE2889CCE8}.Debug|Any CPU.Build.0 = Debug|Any CPU
		{646FAB09-3010-461B-A1F0-3ACE2889CCE8}.Release|Any CPU.ActiveCfg = Release|Any CPU
		{646FAB09-3010-461B-A1F0-3ACE2889CCE8}.Release|Any CPU.Build.0 = Release|Any CPU
		{65EC14F1-2080-4944-8856-7BB42C02D791}.Debug|Any CPU.ActiveCfg = Debug|Any CPU
		{65EC14F1-2080-4944-8856-7BB42C02D791}.Debug|Any CPU.Build.0 = Debug|Any CPU
		{65EC14F1-2080-4944-8856-7BB42C02D791}.Release|Any CPU.ActiveCfg = Release|Any CPU
		{65EC14F1-2080-4944-8856-7BB42C02D791}.Release|Any CPU.Build.0 = Release|Any CPU
		{752957D2-9B28-4CEE-95EC-58096FB6B6F9}.Debug|Any CPU.ActiveCfg = Debug|Any CPU
		{752957D2-9B28-4CEE-95EC-58096FB6B6F9}.Debug|Any CPU.Build.0 = Debug|Any CPU
		{752957D2-9B28-4CEE-95EC-58096FB6B6F9}.Release|Any CPU.ActiveCfg = Release|Any CPU
		{752957D2-9B28-4CEE-95EC-58096FB6B6F9}.Release|Any CPU.Build.0 = Release|Any CPU
		{A0A6DAD3-4E7E-4724-949C-95B9C2363B63}.Debug|Any CPU.ActiveCfg = Debug|Any CPU
		{A0A6DAD3-4E7E-4724-949C-95B9C2363B63}.Debug|Any CPU.Build.0 = Debug|Any CPU
		{A0A6DAD3-4E7E-4724-949C-95B9C2363B63}.Release|Any CPU.ActiveCfg = Release|Any CPU
		{A0A6DAD3-4E7E-4724-949C-95B9C2363B63}.Release|Any CPU.Build.0 = Release|Any CPU
	EndGlobalSection
	GlobalSection(SolutionProperties) = preSolution
		HideSolutionNode = FALSE
	EndGlobalSection
	GlobalSection(ExtensibilityGlobals) = postSolution
		SolutionGuid = {57234827-A5DE-4B75-990C-2FB3B6DBBB56}
	EndGlobalSection
EndGlobal
